
Microsoft Visual Studio Solution File, Format Version 12.00
# Visual Studio 14
VisualStudioVersion = 14.0.25420.1
MinimumVisualStudioVersion = 10.0.40219.1
Project("{FAE04EC0-301F-11D3-BF4B-00C04F79EFBC}") = "SinoTheWaller 80 points", "Exam Preparation I\SinoTheWaller 80 points.csproj", "{DD611822-7522-4FC8-9519-D664E1A141EB}"
EndProject
Project("{FAE04EC0-301F-11D3-BF4B-00C04F79EFBC}") = "SinoTheWallker", "SinoTheWallker\SinoTheWallker.csproj", "{FD7F4A7F-1FB4-4BAF-A65D-A267458C2149}"
EndProject
Project("{FAE04EC0-301F-11D3-BF4B-00C04F79EFBC}") = "SoftUni Karaoke", "SoftUni Karaoke\SoftUni Karaoke.csproj", "{5C993133-B38F-4F38-B57A-8F46108B8EAB}"
EndProject
Global
	GlobalSection(SolutionConfigurationPlatforms) = preSolution
		Debug|Any CPU = Debug|Any CPU
		Release|Any CPU = Release|Any CPU
	EndGlobalSection
	GlobalSection(ProjectConfigurationPlatforms) = postSolution
		{DD611822-7522-4FC8-9519-D664E1A141EB}.Debug|Any CPU.ActiveCfg = Debug|Any CPU
		{DD611822-7522-4FC8-9519-D664E1A141EB}.Debug|Any CPU.Build.0 = Debug|Any CPU
		{DD611822-7522-4FC8-9519-D664E1A141EB}.Release|Any CPU.ActiveCfg = Release|Any CPU
		{DD611822-7522-4FC8-9519-D664E1A141EB}.Release|Any CPU.Build.0 = Release|Any CPU
		{FD7F4A7F-1FB4-4BAF-A65D-A267458C2149}.Debug|Any CPU.ActiveCfg = Debug|Any CPU
		{FD7F4A7F-1FB4-4BAF-A65D-A267458C2149}.Debug|Any CPU.Build.0 = Debug|Any CPU
		{FD7F4A7F-1FB4-4BAF-A65D-A267458C2149}.Release|Any CPU.ActiveCfg = Release|Any CPU
		{FD7F4A7F-1FB4-4BAF-A65D-A267458C2149}.Release|Any CPU.Build.0 = Release|Any CPU
		{5C993133-B38F-4F38-B57A-8F46108B8EAB}.Debug|Any CPU.ActiveCfg = Debug|Any CPU
		{5C993133-B38F-4F38-B57A-8F46108B8EAB}.Debug|Any CPU.Build.0 = Debug|Any CPU
		{5C993133-B38F-4F38-B57A-8F46108B8EAB}.Release|Any CPU.ActiveCfg = Release|Any CPU
		{5C993133-B38F-4F38-B57A-8F46108B8EAB}.Release|Any CPU.Build.0 = Release|Any CPU
	EndGlobalSection
	GlobalSection(SolutionProperties) = preSolution
		HideSolutionNode = FALSE
	EndGlobalSection
EndGlobal
